
Microsoft Visual Studio Solution File, Format Version 12.00
# Visual Studio Version 16
VisualStudioVersion = 16.0.29728.190
MinimumVisualStudioVersion = 10.0.40219.1
Project("{FAE04EC0-301F-11D3-BF4B-00C04F79EFBC}") = "Math Libary", "Math Libary\Math Libary.csproj", "{782620E9-1481-433C-9E30-B71E2AEB58D5}"
EndProject
Global
	GlobalSection(SolutionConfigurationPlatforms) = preSolution
		Debug|Any CPU = Debug|Any CPU
		Release|Any CPU = Release|Any CPU
	EndGlobalSection
	GlobalSection(ProjectConfigurationPlatforms) = postSolution
		{782620E9-1481-433C-9E30-B71E2AEB58D5}.Debug|Any CPU.ActiveCfg = Debug|Any CPU
		{782620E9-1481-433C-9E30-B71E2AEB58D5}.Debug|Any CPU.Build.0 = Debug|Any CPU
		{782620E9-1481-433C-9E30-B71E2AEB58D5}.Release|Any CPU.ActiveCfg = Release|Any CPU
		{782620E9-1481-433C-9E30-B71E2AEB58D5}.Release|Any CPU.Build.0 = Release|Any CPU
	EndGlobalSection
	GlobalSection(SolutionProperties) = preSolution
		HideSolutionNode = FALSE
	EndGlobalSection
	GlobalSection(ExtensibilityGlobals) = postSolution
		SolutionGuid = {EE1A78FB-6753-4DDC-BF74-5CE52640397A}
	EndGlobalSection
EndGlobal
