
Microsoft Visual Studio Solution File, Format Version 12.00
# Visual Studio Version 16
VisualStudioVersion = 16.0.29728.190
MinimumVisualStudioVersion = 10.0.40219.1
Project("{9A19103F-16F7-4668-BE54-9A1E7A4F7556}") = "Math Libary", "Math Libary\Math Libary.csproj", "{782620E9-1481-433C-9E30-B71E2AEB58D5}"
EndProject
Project("{2150E333-8FDC-42A3-9474-1A3956D46DE8}") = "Solution Items", "Solution Items", "{DFD13641-8796-486E-871E-A9A8F9D892CE}"
	ProjectSection(SolutionItems) = preProject
		Math Libary\Vector2.cs = Math Libary\Vector2.cs
		Vector3.cs = Vector3.cs
		Vector4.cs = Vector4.cs
	EndProjectSection
EndProject
Global
	GlobalSection(SolutionConfigurationPlatforms) = preSolution
		Debug|Any CPU = Debug|Any CPU
		Release|Any CPU = Release|Any CPU
	EndGlobalSection
	GlobalSection(ProjectConfigurationPlatforms) = postSolution
		{782620E9-1481-433C-9E30-B71E2AEB58D5}.Debug|Any CPU.ActiveCfg = Debug|Any CPU
		{782620E9-1481-433C-9E30-B71E2AEB58D5}.Debug|Any CPU.Build.0 = Debug|Any CPU
		{782620E9-1481-433C-9E30-B71E2AEB58D5}.Release|Any CPU.ActiveCfg = Release|Any CPU
		{782620E9-1481-433C-9E30-B71E2AEB58D5}.Release|Any CPU.Build.0 = Release|Any CPU
	EndGlobalSection
	GlobalSection(SolutionProperties) = preSolution
		HideSolutionNode = FALSE
	EndGlobalSection
	GlobalSection(ExtensibilityGlobals) = postSolution
		SolutionGuid = {EE1A78FB-6753-4DDC-BF74-5CE52640397A}
	EndGlobalSection
EndGlobal
